version = 1
revision = 3
requires-python = ">=3.12, <3.14"
resolution-markers = [
    "sys_platform == 'win32'",
    "sys_platform == 'emscripten'",
    "sys_platform != 'emscripten' and sys_platform != 'win32'",
]

[[package]]
name = "joblib"
version = "1.5.3"
source = { registry = "https://pypi.org/simple" }
sdist = { url = "https://files.pythonhosted.org/packages/41/f2/d34e8b3a08a9cc79a50b2208a93dce981fe615b64d5a4d4abee421d898df/joblib-1.5.3.tar.gz", hash = "sha256:8561a3269e6801106863fd0d6d84bb737be9e7631e33aaed3fb9ce5953688da3", size = 331603, upload-time = "2025-12-15T08:41:46.427Z" }
wheels = [
    { url = "https://files.pythonhosted.org/packages/7b/91/984aca2ec129e2757d1e4e3c81c3fcda9d0f85b74670a094cc443d9ee949/joblib-1.5.3-py3-none-any.whl", hash = "sha256:5fc3c5039fc5ca8c0276333a188bbd59d6b7ab37fe6632daa76bc7f9ec18e713", size = 309071, upload-time = "2025-12-15T08:41:44.973Z" },
]

[[package]]
name = "lgbm-poc-train"
version = "0.1.0"
source = { virtual = "." }
dependencies = [
    { name = "lightgbm" },
    { name = "numpy" },
    { name = "scikit-learn" },
]

[package.dev-dependencies]
dev = [
    { name = "ruff" },
]

[package.metadata]
requires-dist = [
    { name = "lightgbm", specifier = ">=4.0,<5" },
    { name = "numpy", specifier = ">=1.26" },
    { name = "scikit-learn", specifier = ">=1.4" },
]

[package.metadata.requires-dev]
dev = [{ name = "ruff", specifier = ">=0.6" }]

[[package]]
name = "lightgbm"
version = "4.6.0"
source = { registry = "https://pypi.org/simple" }
dependencies = [
    { name = "numpy" },
    { name = "scipy" },
]
sdist = { url = "https://files.pythonhosted.org/packages/68/0b/a2e9f5c5da7ef047cc60cef37f86185088845e8433e54d2e7ed439cce8a3/lightgbm-4.6.0.tar.gz", hash = "sha256:cb1c59720eb569389c0ba74d14f52351b573af489f230032a1c9f314f8bab7fe", size = 1703705, upload-time = "2025-02-15T04:03:03.111Z" }
wheels = [
    { url = "https://files.pythonhosted.org/packages/f2/75/cffc9962cca296bc5536896b7e65b4a7cdeb8db208e71b9c0133c08f8f7e/lightgbm-4.6.0-py3-none-macosx_10_15_x86_64.whl", hash = "sha256:b7a393de8a334d5c8e490df91270f0763f83f959574d504c7ccb9eee4aef70ed", size = 2010151, upload-time = "2025-02-15T04:02:50.961Z" },
    { url = "https://files.pythonhosted.org/packages/21/1b/550ee378512b78847930f5d74228ca1fdba2a7fbdeaac9aeccc085b0e257/lightgbm-4.6.0-py3-none-macosx_12_0_arm64.whl", hash = "sha256:2dafd98d4e02b844ceb0b61450a660681076b1ea6c7adb8c566dfd66832aafad", size = 1592172, upload-time = "2025-02-15T04:02:53.937Z" },
    { url = "https://files.pythonhosted.org/packages/64/41/4fbde2c3d29e25ee7c41d87df2f2e5eda65b431ee154d4d462c31041846c/lightgbm-4.6.0-py3-none-manylinux2014_aarch64.whl", hash = "sha256:4d68712bbd2b57a0b14390cbf9376c1d5ed773fa2e71e099cac588703b590336", size = 3454567, upload-time = "2025-02-15T04:02:56.443Z" },
    { url = "https://files.pythonhosted.org/packages/42/86/dabda8fbcb1b00bcfb0003c3776e8ade1aa7b413dff0a2c08f457dace22f/lightgbm-4.6.0-py3-none-manylinux_2_28_x86_64.whl", hash = "sha256:cb19b5afea55b5b61cbb2131095f50538bd608a00655f23ad5d25ae3e3bf1c8d", size = 3569831, upload-time = "2025-02-15T04:02:58.925Z" },
    { url = "https://files.pythonhosted.org/packages/5e/23/f8b28ca248bb629b9e08f877dd2965d1994e1674a03d67cd10c5246da248/lightgbm-4.6.0-py3-none-win_amd64.whl", hash = "sha256:37089ee95664b6550a7189d887dbf098e3eadab03537e411f52c63c121e3ba4b", size = 1451509, upload-time = "2025-02-15T04:03:01.515Z" },
]

[[package]]
name = "narwhals"
version = "2.22.0"
source = { registry = "https://pypi.org/simple" }
sdist = { url = "https://files.pythonhosted.org/packages/9c/1c/c80cb7719721a44846c6301ef118434bae30a423924bfad3a47f16bdc064/narwhals-2.22.0.tar.gz", hash = "sha256:6486282bb7e4b4ab55963efbd8be1451b764cc4874b74d1fd625eba9dc60b86f", size = 417565, upload-time = "2026-06-01T13:34:36.249Z" }
wheels = [
    { url = "https://files.pythonhosted.org/packages/1f/b6/e7cdde7b8e90d5dff25b622f95833ef26567ad184c977278b93a1cbd5717/narwhals-2.22.0-py3-none-any.whl", hash = "sha256:1421797ede01789cc1537619dbc3f36f840737240f748fdb24a60a0225fc80be", size = 453815, upload-time = "2026-06-01T13:34:34.127Z" },
]

[[package]]
name = "numpy"
version = "2.4.6"
source = { registry = "https://pypi.org/simple" }
sdist = { url = "https://files.pythonhosted.org/packages/d0/ad/fed0499ce6a338d2a03ebae59cd15093910c8875328855781952abf6c2fe/numpy-2.4.6.tar.gz", hash = "sha256:f3a3570c4a2a16746ac2c31a7c7c7b0c186b95ce902e33db6f28094ed7387dda", size = 20735807, upload-time = "2026-05-18T23:37:14.07Z" }
wheels = [
    { url = "https://files.pythonhosted.org/packages/95/2a/3d7b5ac8aac24feaf9ad7ed58f45b0bbc06d37e4338ae84c9f2298b570f9/numpy-2.4.6-cp312-cp312-macosx_10_13_x86_64.whl", hash = "sha256:001fbb8e08d942dd57599e781f2472269ee7f2755fae407b4f67b2f0b17da3f1", size = 16689119, upload-time = "2026-05-18T23:33:54.065Z" },
    { url = "https://files.pythonhosted.org/packages/ea/12/92c4c131527599e8288d6918e888d88726f84d805d784b771f32408aeaef/numpy-2.4.6-cp312-cp312-macosx_11_0_arm64.whl", hash = "sha256:ebfb099f8dcf083deef3ac1ca4c1503f387cf76296fcb3816b66f5ecb5f54fdb", size = 14699246, upload-time = "2026-05-18T23:33:57.621Z" },
    { url = "https://files.pythonhosted.org/packages/ad/fe/c0a6b7b2ca128a8fb228575147073b660656734b8ebe4d76c8fd748dcc79/numpy-2.4.6-cp312-cp312-macosx_14_0_arm64.whl", hash = "sha256:3213d622a0283a39a93d188f3cf72b26862df52fbb4ca3697f51705016523d41", size = 5204410, upload-time = "2026-05-18T23:34:00.302Z" },
    { url = "https://files.pythonhosted.org/packages/f3/d4/9770d14ba719432bb90a421bfd443872ed0f70f7264b64bec12ea363d5fd/numpy-2.4.6-cp312-cp312-macosx_14_0_x86_64.whl", hash = "sha256:357cc07a6d7b0b182ff02249616a03742827ebb1277546b5c7cd7f7620a45698", size = 6551240, upload-time = "2026-05-18T23:34:02.852Z" },
    { url = "https://files.pythonhosted.org/packages/c9/c6/50a46a6205feba2343f1d6d17438107c5dc491ed1c736e6ea68689fd906b/numpy-2.4.6-cp312-cp312-manylinux_2_27_aarch64.manylinux_2_28_aarch64.whl", hash = "sha256:5f9fb9157b4ce2971008323afe46053787b526ef624fea915b261468a8421a0f", size = 15671012, upload-time = "2026-05-18T23:34:05.485Z" },
    { url = "https://files.pythonhosted.org/packages/99/60/14115e6364fa676c5397c2ad3004e527e9aa487abf5d0706ec81bbd08529/numpy-2.4.6-cp312-cp312-manylinux_2_27_x86_64.manylinux_2_28_x86_64.whl", hash = "sha256:90f9849678c75fe7afa2d348ac842c168b0a4d3d61919687216dfc547976d853", size = 16645538, upload-time = "2026-05-18T23:34:09.265Z" },
    { url = "https://files.pythonhosted.org/packages/ae/c5/693cbe59e57db94d2231fa519ca3978dc9e19da5a8f088588f5c6e947ff2/numpy-2.4.6-cp312-cp312-musllinux_1_2_aarch64.whl", hash = "sha256:c1a2af6c6ef86344a6b0db6b97834208bf598db514f2b155042439b62605601a", size = 17020706, upload-time = "2026-05-18T23:34:13.053Z" },
    { url = "https://files.pythonhosted.org/packages/ef/fc/85b7c4eff9b4966ade25c2273cf7e7012e92366c032058653934b37de044/numpy-2.4.6-cp312-cp312-musllinux_1_2_x86_64.whl", hash = "sha256:e5805d5a22fd19c8ccff10a9561f9df94436b0545619ea579db2d3c35294bce2", size = 18368541, upload-time = "2026-05-18T23:34:17.024Z" },
    { url = "https://files.pythonhosted.org/packages/f6/81/e1b27545deedce7f4a0b348618c6b62d74e36a4dc9ccd42f3eb2f85eee32/numpy-2.4.6-cp312-cp312-win32.whl", hash = "sha256:e3eeb0aabd6bd5ce64faae67e9935203a6991b4bc2a485a767fbafb2c5125f45", size = 5962825, upload-time = "2026-05-18T23:34:20.3Z" },
    { url = "https://files.pythonhosted.org/packages/ab/ca/feab00bd44aa5fe1ad2c18f08b4d3bb92e26484b0b1d1443897809ed528c/numpy-2.4.6-cp312-cp312-win_amd64.whl", hash = "sha256:d8e8286dd7cea7895157318d1b91cdacac64c479f3cbc8dce548331728484751", size = 12321687, upload-time = "2026-05-18T23:34:23.095Z" },
    { url = "https://files.pythonhosted.org/packages/63/cf/5a6d34850a39d1093558564f77ee8e8e0bee5061151b8f05a55711001ec7/numpy-2.4.6-cp312-cp312-win_arm64.whl", hash = "sha256:4081eb135ac24158bd51cdfbef16f1c64df7063b1143f24731387137c092bec8", size = 10221482, upload-time = "2026-05-18T23:34:25.876Z" },
    { url = "https://files.pythonhosted.org/packages/fb/82/bdab26d7438c6791ca31b7c024ca37c1eab8b726ba236129005cd4a06e45/numpy-2.4.6-cp313-cp313-macosx_10_13_x86_64.whl", hash = "sha256:511dbaf848decaaaf4b4ca48032619fb3138710c4bf7da7617765edad1ef96b0", size = 16684648, upload-time = "2026-05-18T23:34:29.41Z" },
    { url = "https://files.pythonhosted.org/packages/1b/30/a80189bcc7f5e4258b3fbc3968d909d1756f54d023299ecc39ad6fdb9ef8/numpy-2.4.6-cp313-cp313-macosx_11_0_arm64.whl", hash = "sha256:bf162abab1c1a736333192707cef898e735a5ca00f38f27eeedf44b39d9e85eb", size = 14693902, upload-time = "2026-05-18T23:34:33.013Z" },
    { url = "https://files.pythonhosted.org/packages/97/12/70b5d0d7c15e1ebb8a6a84a8caa1d19e181d84fb58bb6d70aca29099dec1/numpy-2.4.6-cp313-cp313-macosx_14_0_arm64.whl", hash = "sha256:043191bfa8eab18c776647b62723ac9dddece59743b13f49b2016094129c2b3f", size = 5198992, upload-time = "2026-05-18T23:34:36.132Z" },
    { url = "https://files.pythonhosted.org/packages/ba/8c/ebd2a8f8a83541f8d38cc5667e8c2b69cecfd30da6e45693e8158857d44b/numpy-2.4.6-cp313-cp313-macosx_14_0_x86_64.whl", hash = "sha256:6180d8b35af935aed8ece3a85e0a43f87393ae0ac87c8d2c8bd2c993f7270ef3", size = 6546944, upload-time = "2026-05-18T23:34:38.484Z" },
    { url = "https://files.pythonhosted.org/packages/bb/c5/7b863a97a91671a0338f4253bd3b5a3d3852f0692dae91711c9f4a10e787/numpy-2.4.6-cp313-cp313-manylinux_2_27_aarch64.manylinux_2_28_aarch64.whl", hash = "sha256:72fbe16c6fac95aedf5937fa873445cec2110be35d8a4e9433d7501fd98dae6b", size = 15669392, upload-time = "2026-05-18T23:34:41.257Z" },
    { url = "https://files.pythonhosted.org/packages/a5/9d/3584b9984ca4c047aea75214ce1a4c4c73d849bd71b604264b7f5653f8a8/numpy-2.4.6-cp313-cp313-manylinux_2_27_x86_64.manylinux_2_28_x86_64.whl", hash = "sha256:a7830bab239b79cda9c08c2da014761cafb48da6150e1da17ac06283f43b6089", size = 16633220, upload-time = "2026-05-18T23:34:45.075Z" },
    { url = "https://files.pythonhosted.org/packages/05/ae/7c67fba23bd98caec7c99261f3a16072ade14813486b0282cb29846de832/numpy-2.4.6-cp313-cp313-musllinux_1_2_aarch64.whl", hash = "sha256:ef4aea96ce4d3b074422cb4f2f64e216bf9e213004bb58ecfdf50ea02ea8eb9a", size = 17020800, upload-time = "2026-05-18T23:34:49.065Z" },
    { url = "https://files.pythonhosted.org/packages/d9/5d/3b6725cb31d983c5e66916f5d36f6d7e5521129e4c4404d64f918292a5b6/numpy-2.4.6-cp313-cp313-musllinux_1_2_x86_64.whl", hash = "sha256:dfa20cc6ca228e6b155b11da03825975ce66aea520985dbbddf0f2a5a495c605", size = 18357600, upload-time = "2026-05-18T23:34:52.709Z" },
    { url = "https://files.pythonhosted.org/packages/f7/da/2ccc6c2fe8898dee01d90c75c5f5f914a23daf99e3e0f59516a08760c8b5/numpy-2.4.6-cp313-cp313-win32.whl", hash = "sha256:56b39e5e0622a09a25bf5baf62f4bcf0cb8a41ae6e2819cf49bbc5a74c083f91", size = 5961134, upload-time = "2026-05-18T23:34:55.618Z" },
    { url = "https://files.pythonhosted.org/packages/b5/cd/9cc4dc876fb065d5c220aae4d5e14826b2715331bb7618ce1fb07a679d99/numpy-2.4.6-cp313-cp313-win_amd64.whl", hash = "sha256:c4fc99836233ea196540b17ab0983aff60ed07941751930f5f4d05bc3b3b7359", size = 12318598, upload-time = "2026-05-18T23:34:58.928Z" },
    { url = "https://files.pythonhosted.org/packages/39/1e/c0bcba1f8694116485fe28fd1be698c278fcda4141c5b0e53a2aed8b12a8/numpy-2.4.6-cp313-cp313-win_arm64.whl", hash = "sha256:a7c711e21628b52034bb5ab8d1bce291f752fcc5e92accc615778acee1ff4778", size = 10222272, upload-time = "2026-05-18T23:35:02.167Z" },
    { url = "https://files.pythonhosted.org/packages/63/6d/cc5619247c8f4204e507f5883528372e4ac4bb189e579fb859a12e480b1f/numpy-2.4.6-cp313-cp313t-macosx_11_0_arm64.whl", hash = "sha256:112b06a867b235ef466ed3508ddf0238050df9c727cafb5301ac385b899189a1", size = 14821197, upload-time = "2026-05-18T23:35:05.468Z" },
    { url = "https://files.pythonhosted.org/packages/00/58/f1c39161c87d9e9bed660f1ed4bafc0e403d5ec9650b6dd77aead07d489b/numpy-2.4.6-cp313-cp313t-macosx_14_0_arm64.whl", hash = "sha256:eaf7fa2de5c0be8ae6ff8e9bea2ccd725e980541244521d8d4b5f3354a27babe", size = 5326287, upload-time = "2026-05-18T23:35:08.693Z" },
    { url = "https://files.pythonhosted.org/packages/af/57/3917ab0fd97f271a8694513581b8a36c655f111c446852c302f04ccdb6fc/numpy-2.4.6-cp313-cp313t-macosx_14_0_x86_64.whl", hash = "sha256:7265a2f3d436e54ef9f2b52b5c937e6be778781bd97a590319d7348f1c1ca997", size = 6646763, upload-time = "2026-05-18T23:35:11.459Z" },
    { url = "https://files.pythonhosted.org/packages/eb/0f/037e64c494b67581ae18193d770adef354c41f3f2c8ebf865602d949bf8f/numpy-2.4.6-cp313-cp313t-manylinux_2_27_aarch64.manylinux_2_28_aarch64.whl", hash = "sha256:f74a575920ab21fe304421a3fc28793d82e299cae9eccb37084e9fc7f3617c20", size = 15728070, upload-time = "2026-05-18T23:35:14.79Z" },
    { url = "https://files.pythonhosted.org/packages/21/a6/5d2bae9c9542eb4df16dc9c46dc79c186e9bad53805dfa5399a6023c6db0/numpy-2.4.6-cp313-cp313t-manylinux_2_27_x86_64.manylinux_2_28_x86_64.whl", hash = "sha256:ede83e07a75dd06bc501566c1eca2afc0d61677c1472ac9ad93fdee6e638a48d", size = 16681752, upload-time = "2026-05-18T23:35:18.836Z" },
    { url = "https://files.pythonhosted.org/packages/92/14/23d1dfb410ae362cd59ce53e936b1513d545eb40db3949ced632e19a459e/numpy-2.4.6-cp313-cp313t-musllinux_1_2_aarch64.whl", hash = "sha256:68bb27509ac1b9a3443094260f6326150663b06abe40b73a2f81160623da5b67", size = 17086024, upload-time = "2026-05-18T23:35:22.52Z" },
    { url = "https://files.pythonhosted.org/packages/4b/6e/23595a2c642cdf3bc567877064bdd7f91c8b0038a4453cf2daf7248eafe9/numpy-2.4.6-cp313-cp313t-musllinux_1_2_x86_64.whl", hash = "sha256:a0df0043bdb289bde1f62da130d20df23d58b45429f752bc7a8fc5325a225ecd", size = 18403398, upload-time = "2026-05-18T23:35:26.398Z" },
    { url = "https://files.pythonhosted.org/packages/8a/90/0ac3bc947217e66dec77e7cbc6a1979d1af70b6461b82f620d3bccd5e4c8/numpy-2.4.6-cp313-cp313t-win32.whl", hash = "sha256:29a287e0cf63ff528da061de6b9f64a4618da591ca1046aafc54062e40ca7eab", size = 6084971, upload-time = "2026-05-18T23:35:29.387Z" },
    { url = "https://files.pythonhosted.org/packages/77/71/5673e351671a1d2bd6063b91b44f70c0affea7d1516fa7a6572941ba4aa1/numpy-2.4.6-cp313-cp313t-win_amd64.whl", hash = "sha256:25c692919ac5a01f170a3bfcd62d745b24fd095c353d50812637d6fcab442e75", size = 12458532, upload-time = "2026-05-18T23:35:32.175Z" },
    { url = "https://files.pythonhosted.org/packages/3f/88/19d3503c5046e688f049274b27a3ef3d771152fa80d3ba3d01a3dff61abe/numpy-2.4.6-cp313-cp313t-win_arm64.whl", hash = "sha256:1e978ec1e8bd0e0e4de6bb75de9d30cbb74db6b6a2bb727618613703ca0167dd", size = 10291881, upload-time = "2026-05-18T23:35:35.465Z" },
]

[[package]]
name = "ruff"
version = "0.15.15"
source = { registry = "https://pypi.org/simple" }
sdist = { url = "https://files.pythonhosted.org/packages/84/6f/a76f7d96e5c962f5b69cee865e49c15c1116897c01990faa8a57edb62e7f/ruff-0.15.15.tar.gz", hash = "sha256:b8dff018130b46d8e5bf0f926ef6b60cf871d6d5ae45fc9334e09632daa741d6", size = 4706985, upload-time = "2026-05-28T14:16:57.784Z" }
wheels = [
    { url = "https://files.pythonhosted.org/packages/fa/9d/3a45c05b8ab04b4705989de70a79008e27c8003296a0feaee9edc18dd7e9/ruff-0.15.15-py3-none-linux_armv6l.whl", hash = "sha256:cf93e5388f412e1b108b1f8b34a6e036b70fe8aff89393befad96fe48670311b", size = 10710652, upload-time = "2026-05-28T14:16:06.701Z" },
    { url = "https://files.pythonhosted.org/packages/05/66/da974431624bf3b49f6ee1f9543c02d929ff1cba78b0d5a79c38cf21f744/ruff-0.15.15-py3-none-macosx_10_12_x86_64.whl", hash = "sha256:ac5a646d1f6a7dadd5d50842dae2c1f9862ac887ef5d1b1375e02def791fde6e", size = 11096615, upload-time = "2026-05-28T14:16:23.313Z" },
    { url = "https://files.pythonhosted.org/packages/8c/09/7443452e5d290230a712103f2fdceeef7184f3ec99a2bd01c8be78aaceb5/ruff-0.15.15-py3-none-macosx_11_0_arm64.whl", hash = "sha256:77d955a431430c66f72dd94e379ad38a16daea3d25094872ac4edf9e797be530", size = 10436683, upload-time = "2026-05-28T14:16:40.974Z" },
    { url = "https://files.pythonhosted.org/packages/53/01/d330c26a57fa4f3943a14424904027428315b700fe4d14a84bb123a649e5/ruff-0.15.15-py3-none-manylinux_2_17_aarch64.manylinux2014_aarch64.whl", hash = "sha256:7614ee79c69788cf6cedd568069ade9cecc22a1ad20494efe8d0c9ebb4b622d4", size = 10769064, upload-time = "2026-05-28T14:16:28.905Z" },
    { url = "https://files.pythonhosted.org/packages/1d/85/cc8770f8bdff541b1da8392d1634141fe4a0e3f4ee596605959b7906c27f/ruff-0.15.15-py3-none-manylinux_2_17_armv7l.manylinux2014_armv7l.whl", hash = "sha256:3cdb1679e06a1f6b47bc384714ae96f6e2fb65ca441eb78c43d2ca554176ce1f", size = 10511987, upload-time = "2026-05-28T14:16:43.732Z" },
    { url = "https://files.pythonhosted.org/packages/7c/29/8c190c1472b63013583ba391f3342036e02010544c1270455ed8e519bdf3/ruff-0.15.15-py3-none-manylinux_2_17_i686.manylinux2014_i686.whl", hash = "sha256:2728b93d7b23a603ea2c0ac6eb73d760bd38ec9de35f35fb41e18f7a3fee7622", size = 11275100, upload-time = "2026-05-28T14:16:55.244Z" },
    { url = "https://files.pythonhosted.org/packages/9f/6b/7e145ce2cc8e63d6834eca03d83a0e18d121def5c69f91b4cf4011ed4879/ruff-0.15.15-py3-none-manylinux_2_17_ppc64le.manylinux2014_ppc64le.whl", hash = "sha256:be582fcc0db438902c7792b08d6ddf6c9b9e21addaa10092c2c741cfb09e5a45", size = 12176903, upload-time = "2026-05-28T14:16:14.368Z" },
    { url = "https://files.pythonhosted.org/packages/80/a3/d5974637f68e451f7fadf015cf3101d1cd7d8ba5027cffe0b9e3826ebe6b/ruff-0.15.15-py3-none-manylinux_2_17_s390x.manylinux2014_s390x.whl", hash = "sha256:7aa77465b8ecaf1a27bea098d696f7fed5e1eccbd10b321b682d6de586ae5627", size = 11404550, upload-time = "2026-05-28T14:16:20.138Z" },
    { url = "https://files.pythonhosted.org/packages/fe/1c/e6e5e568f22be4fb05d6244234aba384c06b451252453b821e1a529263cf/ruff-0.15.15-py3-none-manylinux_2_17_x86_64.manylinux2014_x86_64.whl", hash = "sha256:48decfa11d740de4889de623be1463308346312f2409a56e24aa280c86162dc4", size = 11382027, upload-time = "2026-05-28T14:16:46.615Z" },
    { url = "https://files.pythonhosted.org/packages/1d/01/170921b49fcd2e8858825593f91cf7146c3e40a5c3e6df763e4bb0484dde/ruff-0.15.15-py3-none-manylinux_2_31_riscv64.whl", hash = "sha256:a5015088452ca0081387063649ec67f06d3d1d6b8b936a1f836b5e9657ecd48c", size = 11366041, upload-time = "2026-05-28T14:16:26.247Z" },
    { url = "https://files.pythonhosted.org/packages/87/54/a7bad711d7de93254e15e06a4c375b89a03d18de45d3e5dcc86a4472fb1a/ruff-0.15.15-py3-none-musllinux_1_2_aarch64.whl", hash = "sha256:f5294aab6356c81600fcdea3a62bb1b924dfd5e91767c12318d3f68f86af57cd", size = 10741795, upload-time = "2026-05-28T14:16:17.11Z" },
    { url = "https://files.pythonhosted.org/packages/c9/31/38c075963668f8b41c6914ee0f6f318727fbe30ab9145cb29e6df464c5fa/ruff-0.15.15-py3-none-musllinux_1_2_armv7l.whl", hash = "sha256:db5bd4d802415cca656dc1616070b725952d6ae95eb5d4831e49fbd94a38f75f", size = 10511117, upload-time = "2026-05-28T14:16:31.767Z" },
    { url = "https://files.pythonhosted.org/packages/9d/96/6ff689e1f7e375d1d97075eca022f74c2bab59554a432fe4d2e6f091986a/ruff-0.15.15-py3-none-musllinux_1_2_i686.whl", hash = "sha256:587a6278ed42059191c1a466e490bd7930fb50bd2e255398bc29616c895a61cb", size = 10994867, upload-time = "2026-05-28T14:16:35.149Z" },
    { url = "https://files.pythonhosted.org/packages/c3/c2/5dce0ab9f92a8d534fa62b9bf9caca3eddb8c1a81b616f5e195ada4f0d6e/ruff-0.15.15-py3-none-musllinux_1_2_x86_64.whl", hash = "sha256:df0c1c084f5f4be9812f61518a45c440d3c30d69ce4bf6c5270e66d38338f02a", size = 11482101, upload-time = "2026-05-28T14:16:49.598Z" },
    { url = "https://files.pythonhosted.org/packages/b1/c0/1003b60edd697c649faf61f1a34094b1abb38fb3d1181e3f895781250a08/ruff-0.15.15-py3-none-win32.whl", hash = "sha256:29428ea79694afbe756d45fd59b36f22b6b020dc0443cf7de0173046236964b9", size = 10716774, upload-time = "2026-05-28T14:16:52.337Z" },
    { url = "https://files.pythonhosted.org/packages/02/a8/1269eddd6945a06c23f055ef7848886e37cf9d6a8bebb386a3115f01470c/ruff-0.15.15-py3-none-win_amd64.whl", hash = "sha256:8df0323902e15e24bc4bf246da830573d3cf3352bd0b9a164eab335d111ff4a4", size = 11868463, upload-time = "2026-05-28T14:16:11.333Z" },
    { url = "https://files.pythonhosted.org/packages/4e/b2/920464c907b191e37469d477a1aa8bc048b8f36c4c1610dfa4ab87b39e18/ruff-0.15.15-py3-none-win_arm64.whl", hash = "sha256:3c8ceca6792f38196b8f589bc92eccd03eef286602da92e5dc05cc42ef6441b7", size = 11138498, upload-time = "2026-05-28T14:16:38.425Z" },
]

[[package]]
name = "scikit-learn"
version = "1.9.0"
source = { registry = "https://pypi.org/simple" }
dependencies = [
    { name = "joblib" },
    { name = "narwhals" },
    { name = "numpy" },
    { name = "scipy" },
    { name = "threadpoolctl" },
]
sdist = { url = "https://files.pythonhosted.org/packages/fa/6f/37092bdb25f712817231799fc5674d8e704066a8a70c1d2d40517e18b4ab/scikit_learn-1.9.0.tar.gz", hash = "sha256:8833266989d3a5110178a9fae30783675460724d0e1efb13b14901d2c660c557", size = 7750767, upload-time = "2026-06-02T11:54:32.706Z" }
wheels = [
    { url = "https://files.pythonhosted.org/packages/ac/20/75f915ff375d6249e6550ac740fdbbd66159a068fd3af1400ff62036b07a/scikit_learn-1.9.0-cp312-cp312-macosx_10_13_x86_64.whl", hash = "sha256:2bd41b0d201bc81575531b96b713d3eb5e5f50fb0b82101ff0f92294fdc236ac", size = 8741122, upload-time = "2026-06-02T11:53:24.08Z" },
    { url = "https://files.pythonhosted.org/packages/cc/d5/2b5148f2279196775e1db2aeb85d14b70ac80e7e32b3b28e7ebeafb0901d/scikit_learn-1.9.0-cp312-cp312-macosx_12_0_arm64.whl", hash = "sha256:5be45aa4a42a68a533913a6ed736cf309de2226411c79ef8d609a5456f1939b1", size = 8261512, upload-time = "2026-06-02T11:53:27.183Z" },
    { url = "https://files.pythonhosted.org/packages/a0/ee/5adbc77656b71f9456a2f5a7a9fdb4bcf9207a6b962889f1c2f9323afa4e/scikit_learn-1.9.0-cp312-cp312-manylinux_2_27_aarch64.manylinux_2_28_aarch64.whl", hash = "sha256:5e50ed4da51974e86e940690e9a3d82e729b62b5a49f7c9bac534d515d39d86f", size = 8837603, upload-time = "2026-06-02T11:53:30.328Z" },
    { url = "https://files.pythonhosted.org/packages/6c/c2/63fdda36c56437eeb44aaf9493c8bcd62ce230ab1598924fc626ffbfa943/scikit_learn-1.9.0-cp312-cp312-manylinux_2_27_x86_64.manylinux_2_28_x86_64.whl", hash = "sha256:056c92bb67ad4c28463c2f2653d9701449201e7e7a9e94e321be0f71c4fef2b8", size = 9132097, upload-time = "2026-06-02T11:53:33.456Z" },
    { url = "https://files.pythonhosted.org/packages/83/a4/c8e67227c680e2259c8864ae72ff48b06e16a6f51253a22167aa02a8aa4e/scikit_learn-1.9.0-cp312-cp312-win_amd64.whl", hash = "sha256:4306775fad04cc4b472a1b15af1ae9cede1540fbfcc17fbce3767cd8dc7ae283", size = 8211173, upload-time = "2026-06-02T11:53:36.602Z" },
    { url = "https://files.pythonhosted.org/packages/cf/fd/3c0863792e98e67e9184aa4029288a175935eb65443afcd30d4f143450cf/scikit_learn-1.9.0-cp312-cp312-win_arm64.whl", hash = "sha256:26e22435f63bcdcf396b574273f29f13dd531f5ea035801f5be10ba1540a4e60", size = 7867451, upload-time = "2026-06-02T11:53:39.075Z" },
    { url = "https://files.pythonhosted.org/packages/3c/01/cf3310626b6d48d3e9be69a1223f9180360b5e6edb045f50fade723ce494/scikit_learn-1.9.0-cp313-cp313-macosx_10_13_x86_64.whl", hash = "sha256:80746d63bd4b6eaca54d36fe5feaf4d28bb38dc6f9470f81c7cad7c40155f119", size = 8705188, upload-time = "2026-06-02T11:53:41.964Z" },
    { url = "https://files.pythonhosted.org/packages/3e/04/5acd7ae280c5f93b6ac5ef6cdec14eef4c8d1cd91d85b3292989c94d96b1/scikit_learn-1.9.0-cp313-cp313-macosx_12_0_arm64.whl", hash = "sha256:5b934c45c252844a91d69fda3a34cff5e7307e1db10d77cb10a3980312c74713", size = 8228299, upload-time = "2026-06-02T11:53:44.817Z" },
    { url = "https://files.pythonhosted.org/packages/0c/39/ffe829a5b8ecb40a518724a997794657fdc354ada5e8fe8e64d998c0bac9/scikit_learn-1.9.0-cp313-cp313-manylinux_2_27_aarch64.manylinux_2_28_aarch64.whl", hash = "sha256:38c3dcb9a1ffb85505ec53d54c7b4aea0cff70050425a7760c2af661ac85df05", size = 8789690, upload-time = "2026-06-02T11:53:47.461Z" },
    { url = "https://files.pythonhosted.org/packages/1f/88/8dab5de10c638c083772a6be83a3d8106ced492f74a928c8693638e5bb50/scikit_learn-1.9.0-cp313-cp313-manylinux_2_27_x86_64.manylinux_2_28_x86_64.whl", hash = "sha256:da76d09304a4706db7cc1e3ebaa3b6b98a67365cc11d2996c4f1e58ba47df714", size = 9087723, upload-time = "2026-06-02T11:53:50.702Z" },
    { url = "https://files.pythonhosted.org/packages/20/3f/7917ca72464038f6240ec70c29f94862d08a34a74291ae4d4ec5eb8186a0/scikit_learn-1.9.0-cp313-cp313-win_amd64.whl", hash = "sha256:5808d98f15c6bf6d9d96d2348c1997392a5888ce7097e664105f930c4bca1277", size = 8184330, upload-time = "2026-06-02T11:53:53.396Z" },
    { url = "https://files.pythonhosted.org/packages/78/c7/15739eb2f61fda3c54639e9942414e5a19ad8a8d1f5a3266afad7cb7df80/scikit_learn-1.9.0-cp313-cp313-win_arm64.whl", hash = "sha256:d77f54c017633791bc0225a43e2f8d03745fdcfe4880268fcc4df15f505dec2e", size = 7840653, upload-time = "2026-06-02T11:53:56.035Z" },
]

[[package]]
name = "scipy"
version = "1.17.1"
source = { registry = "https://pypi.org/simple" }
dependencies = [
    { name = "numpy" },
]
sdist = { url = "https://files.pythonhosted.org/packages/7a/97/5a3609c4f8d58b039179648e62dd220f89864f56f7357f5d4f45c29eb2cc/scipy-1.17.1.tar.gz", hash = "sha256:95d8e012d8cb8816c226aef832200b1d45109ed4464303e997c5b13122b297c0", size = 30573822, upload-time = "2026-02-23T00:26:24.851Z" }
wheels = [
    { url = "https://files.pythonhosted.org/packages/35/48/b992b488d6f299dbe3f11a20b24d3dda3d46f1a635ede1c46b5b17a7b163/scipy-1.17.1-cp312-cp312-macosx_10_14_x86_64.whl", hash = "sha256:35c3a56d2ef83efc372eaec584314bd0ef2e2f0d2adb21c55e6ad5b344c0dcb8", size = 31610954, upload-time = "2026-02-23T00:17:49.855Z" },
    { url = "https://files.pythonhosted.org/packages/b2/02/cf107b01494c19dc100f1d0b7ac3cc08666e96ba2d64db7626066cee895e/scipy-1.17.1-cp312-cp312-macosx_12_0_arm64.whl", hash = "sha256:fcb310ddb270a06114bb64bbe53c94926b943f5b7f0842194d585c65eb4edd76", size = 28172662, upload-time = "2026-02-23T00:18:01.64Z" },
    { url = "https://files.pythonhosted.org/packages/cf/a9/599c28631bad314d219cf9ffd40e985b24d603fc8a2f4ccc5ae8419a535b/scipy-1.17.1-cp312-cp312-macosx_14_0_arm64.whl", hash = "sha256:cc90d2e9c7e5c7f1a482c9875007c095c3194b1cfedca3c2f3291cdc2bc7c086", size = 20344366, upload-time = "2026-02-23T00:18:12.015Z" },
    { url = "https://files.pythonhosted.org/packages/35/f5/906eda513271c8deb5af284e5ef0206d17a96239af79f9fa0aebfe0e36b4/scipy-1.17.1-cp312-cp312-macosx_14_0_x86_64.whl", hash = "sha256:c80be5ede8f3f8eded4eff73cc99a25c388ce98e555b17d31da05287015ffa5b", size = 22704017, upload-time = "2026-02-23T00:18:21.502Z" },
    { url = "https://files.pythonhosted.org/packages/da/34/16f10e3042d2f1d6b66e0428308ab52224b6a23049cb2f5c1756f713815f/scipy-1.17.1-cp312-cp312-manylinux_2_27_aarch64.manylinux_2_28_aarch64.whl", hash = "sha256:e19ebea31758fac5893a2ac360fedd00116cbb7628e650842a6691ba7ca28a21", size = 32927842, upload-time = "2026-02-23T00:18:35.367Z" },
    { url = "https://files.pythonhosted.org/packages/01/8e/1e35281b8ab6d5d72ebe9911edcdffa3f36b04ed9d51dec6dd140396e220/scipy-1.17.1-cp312-cp312-manylinux_2_27_x86_64.manylinux_2_28_x86_64.whl", hash = "sha256:02ae3b274fde71c5e92ac4d54bc06c42d80e399fec704383dcd99b301df37458", size = 35235890, upload-time = "2026-02-23T00:18:49.188Z" },
    { url = "https://files.pythonhosted.org/packages/c5/5c/9d7f4c88bea6e0d5a4f1bc0506a53a00e9fcb198de372bfe4d3652cef482/scipy-1.17.1-cp312-cp312-musllinux_1_2_aarch64.whl", hash = "sha256:8a604bae87c6195d8b1045eddece0514d041604b14f2727bbc2b3020172045eb", size = 35003557, upload-time = "2026-02-23T00:18:54.74Z" },
    { url = "https://files.pythonhosted.org/packages/65/94/7698add8f276dbab7a9de9fb6b0e02fc13ee61d51c7c3f85ac28b65e1239/scipy-1.17.1-cp312-cp312-musllinux_1_2_x86_64.whl", hash = "sha256:f590cd684941912d10becc07325a3eeb77886fe981415660d9265c4c418d0bea", size = 37625856, upload-time = "2026-02-23T00:19:00.307Z" },
    { url = "https://files.pythonhosted.org/packages/a2/84/dc08d77fbf3d87d3ee27f6a0c6dcce1de5829a64f2eae85a0ecc1f0daa73/scipy-1.17.1-cp312-cp312-win_amd64.whl", hash = "sha256:41b71f4a3a4cab9d366cd9065b288efc4d4f3c0b37a91a8e0947fb5bd7f31d87", size = 36549682, upload-time = "2026-02-23T00:19:07.67Z" },
    { url = "https://files.pythonhosted.org/packages/bc/98/fe9ae9ffb3b54b62559f52dedaebe204b408db8109a8c66fdd04869e6424/scipy-1.17.1-cp312-cp312-win_arm64.whl", hash = "sha256:f4115102802df98b2b0db3cce5cb9b92572633a1197c77b7553e5203f284a5b3", size = 24547340, upload-time = "2026-02-23T00:19:12.024Z" },
    { url = "https://files.pythonhosted.org/packages/76/27/07ee1b57b65e92645f219b37148a7e7928b82e2b5dbeccecb4dff7c64f0b/scipy-1.17.1-cp313-cp313-macosx_10_14_x86_64.whl", hash = "sha256:5e3c5c011904115f88a39308379c17f91546f77c1667cea98739fe0fccea804c", size = 31590199, upload-time = "2026-02-23T00:19:17.192Z" },
    { url = "https://files.pythonhosted.org/packages/ec/ae/db19f8ab842e9b724bf5dbb7db29302a91f1e55bc4d04b1025d6d605a2c5/scipy-1.17.1-cp313-cp313-macosx_12_0_arm64.whl", hash = "sha256:6fac755ca3d2c3edcb22f479fceaa241704111414831ddd3bc6056e18516892f", size = 28154001, upload-time = "2026-02-23T00:19:22.241Z" },
    { url = "https://files.pythonhosted.org/packages/5b/58/3ce96251560107b381cbd6e8413c483bbb1228a6b919fa8652b0d4090e7f/scipy-1.17.1-cp313-cp313-macosx_14_0_arm64.whl", hash = "sha256:7ff200bf9d24f2e4d5dc6ee8c3ac64d739d3a89e2326ba68aaf6c4a2b838fd7d", size = 20325719, upload-time = "2026-02-23T00:19:26.329Z" },
    { url = "https://files.pythonhosted.org/packages/b2/83/15087d945e0e4d48ce2377498abf5ad171ae013232ae31d06f336e64c999/scipy-1.17.1-cp313-cp313-macosx_14_0_x86_64.whl", hash = "sha256:4b400bdc6f79fa02a4d86640310dde87a21fba0c979efff5248908c6f15fad1b", size = 22683595, upload-time = "2026-02-23T00:19:30.304Z" },
    { url = "https://files.pythonhosted.org/packages/b4/e0/e58fbde4a1a594c8be8114eb4aac1a55bcd6587047efc18a61eb1f5c0d30/scipy-1.17.1-cp313-cp313-manylinux_2_27_aarch64.manylinux_2_28_aarch64.whl", hash = "sha256:2b64ca7d4aee0102a97f3ba22124052b4bd2152522355073580bf4845e2550b6", size = 32896429, upload-time = "2026-02-23T00:19:35.536Z" },
    { url = "https://files.pythonhosted.org/packages/f5/5f/f17563f28ff03c7b6799c50d01d5d856a1d55f2676f537ca8d28c7f627cd/scipy-1.17.1-cp313-cp313-manylinux_2_27_x86_64.manylinux_2_28_x86_64.whl", hash = "sha256:581b2264fc0aa555f3f435a5944da7504ea3a065d7029ad60e7c3d1ae09c5464", size = 35203952, upload-time = "2026-02-23T00:19:42.259Z" },
    { url = "https://files.pythonhosted.org/packages/8d/a5/9afd17de24f657fdfe4df9a3f1ea049b39aef7c06000c13db1530d81ccca/scipy-1.17.1-cp313-cp313-musllinux_1_2_aarch64.whl", hash = "sha256:beeda3d4ae615106d7094f7e7cef6218392e4465cc95d25f900bebabfded0950", size = 34979063, upload-time = "2026-02-23T00:19:47.547Z" },
    { url = "https://files.pythonhosted.org/packages/8b/13/88b1d2384b424bf7c924f2038c1c409f8d88bb2a8d49d097861dd64a57b2/scipy-1.17.1-cp313-cp313-musllinux_1_2_x86_64.whl", hash = "sha256:6609bc224e9568f65064cfa72edc0f24ee6655b47575954ec6339534b2798369", size = 37598449, upload-time = "2026-02-23T00:19:53.238Z" },
    { url = "https://files.pythonhosted.org/packages/35/e5/d6d0e51fc888f692a35134336866341c08655d92614f492c6860dc45bb2c/scipy-1.17.1-cp313-cp313-win_amd64.whl", hash = "sha256:37425bc9175607b0268f493d79a292c39f9d001a357bebb6b88fdfaff13f6448", size = 36510943, upload-time = "2026-02-23T00:20:50.89Z" },
    { url = "https://files.pythonhosted.org/packages/2a/fd/3be73c564e2a01e690e19cc618811540ba5354c67c8680dce3281123fb79/scipy-1.17.1-cp313-cp313-win_arm64.whl", hash = "sha256:5cf36e801231b6a2059bf354720274b7558746f3b1a4efb43fcf557ccd484a87", size = 24545621, upload-time = "2026-02-23T00:20:55.871Z" },
    { url = "https://files.pythonhosted.org/packages/6f/6b/17787db8b8114933a66f9dcc479a8272e4b4da75fe03b0c282f7b0ade8cd/scipy-1.17.1-cp313-cp313t-macosx_10_14_x86_64.whl", hash = "sha256:d59c30000a16d8edc7e64152e30220bfbd724c9bbb08368c054e24c651314f0a", size = 31936708, upload-time = "2026-02-23T00:19:58.694Z" },
    { url = "https://files.pythonhosted.org/packages/38/2e/524405c2b6392765ab1e2b722a41d5da33dc5c7b7278184a8ad29b6cb206/scipy-1.17.1-cp313-cp313t-macosx_12_0_arm64.whl", hash = "sha256:010f4333c96c9bb1a4516269e33cb5917b08ef2166d5556ca2fd9f082a9e6ea0", size = 28570135, upload-time = "2026-02-23T00:20:03.934Z" },
    { url = "https://files.pythonhosted.org/packages/fd/c3/5bd7199f4ea8556c0c8e39f04ccb014ac37d1468e6cfa6a95c6b3562b76e/scipy-1.17.1-cp313-cp313t-macosx_14_0_arm64.whl", hash = "sha256:2ceb2d3e01c5f1d83c4189737a42d9cb2fc38a6eeed225e7515eef71ad301dce", size = 20741977, upload-time = "2026-02-23T00:20:07.935Z" },
    { url = "https://files.pythonhosted.org/packages/d9/b8/8ccd9b766ad14c78386599708eb745f6b44f08400a5fd0ade7cf89b6fc93/scipy-1.17.1-cp313-cp313t-macosx_14_0_x86_64.whl", hash = "sha256:844e165636711ef41f80b4103ed234181646b98a53c8f05da12ca5ca289134f6", size = 23029601, upload-time = "2026-02-23T00:20:12.161Z" },
    { url = "https://files.pythonhosted.org/packages/6d/a0/3cb6f4d2fb3e17428ad2880333cac878909ad1a89f678527b5328b93c1d4/scipy-1.17.1-cp313-cp313t-manylinux_2_27_aarch64.manylinux_2_28_aarch64.whl", hash = "sha256:158dd96d2207e21c966063e1635b1063cd7787b627b6f07305315dd73d9c679e", size = 33019667, upload-time = "2026-02-23T00:20:17.208Z" },
    { url = "https://files.pythonhosted.org/packages/f3/c3/2d834a5ac7bf3a0c806ad1508efc02dda3c8c61472a56132d7894c312dea/scipy-1.17.1-cp313-cp313t-manylinux_2_27_x86_64.manylinux_2_28_x86_64.whl", hash = "sha256:74cbb80d93260fe2ffa334efa24cb8f2f0f622a9b9febf8b483c0b865bfb3475", size = 35264159, upload-time = "2026-02-23T00:20:23.087Z" },
    { url = "https://files.pythonhosted.org/packages/4d/77/d3ed4becfdbd217c52062fafe35a72388d1bd82c2d0ba5ca19d6fcc93e11/scipy-1.17.1-cp313-cp313t-musllinux_1_2_aarch64.whl", hash = "sha256:dbc12c9f3d185f5c737d801da555fb74b3dcfa1a50b66a1a93e09190f41fab50", size = 35102771, upload-time = "2026-02-23T00:20:28.636Z" },
    { url = "https://files.pythonhosted.org/packages/bd/12/d19da97efde68ca1ee5538bb261d5d2c062f0c055575128f11a2730e3ac1/scipy-1.17.1-cp313-cp313t-musllinux_1_2_x86_64.whl", hash = "sha256:94055a11dfebe37c656e70317e1996dc197e1a15bbcc351bcdd4610e128fe1ca", size = 37665910, upload-time = "2026-02-23T00:20:34.743Z" },
    { url = "https://files.pythonhosted.org/packages/06/1c/1172a88d507a4baaf72c5a09bb6c018fe2ae0ab622e5830b703a46cc9e44/scipy-1.17.1-cp313-cp313t-win_amd64.whl", hash = "sha256:e30bdeaa5deed6bc27b4cc490823cd0347d7dae09119b8803ae576ea0ce52e4c", size = 36562980, upload-time = "2026-02-23T00:20:40.575Z" },
    { url = "https://files.pythonhosted.org/packages/70/b0/eb757336e5a76dfa7911f63252e3b7d1de00935d7705cf772db5b45ec238/scipy-1.17.1-cp313-cp313t-win_arm64.whl", hash = "sha256:a720477885a9d2411f94a93d16f9d89bad0f28ca23c3f8daa521e2dcc3f44d49", size = 24856543, upload-time = "2026-02-23T00:20:45.313Z" },
]

[[package]]
name = "threadpoolctl"
version = "3.6.0"
source = { registry = "https://pypi.org/simple" }
sdist = { url = "https://files.pythonhosted.org/packages/b7/4d/08c89e34946fce2aec4fbb45c9016efd5f4d7f24af8e5d93296e935631d8/threadpoolctl-3.6.0.tar.gz", hash = "sha256:8ab8b4aa3491d812b623328249fab5302a68d2d71745c8a4c719a2fcaba9f44e", size = 21274, upload-time = "2025-03-13T13:49:23.031Z" }
wheels = [
    { url = "https://files.pythonhosted.org/packages/32/d5/f9a850d79b0851d1d4ef6456097579a9005b31fea68726a4ae5f2d82ddd9/threadpoolctl-3.6.0-py3-none-any.whl", hash = "sha256:43a0b8fd5a2928500110039e43a5eed8480b918967083ea48dc3ab9f13c4a7fb", size = 18638, upload-time = "2025-03-13T13:49:21.846Z" },
]
